
Microsoft Visual Studio Solution File, Format Version 12.00
# Visual Studio Version 17
VisualStudioVersion = 17.1.32210.238
MinimumVisualStudioVersion = 10.0.40219.1
Project("{FAE04EC0-301F-11D3-BF4B-00C04F79EFBC}") = "OptionPricerWBook", "OptionPricerWBook.csproj", "{91742D95-98AC-4844-9F4E-66FFD074C580}"
EndProject
Global
	GlobalSection(SolutionConfigurationPlatforms) = preSolution
		Debug|Any CPU = Debug|Any CPU
		Release|Any CPU = Release|Any CPU
	EndGlobalSection
	GlobalSection(ProjectConfigurationPlatforms) = postSolution
		{91742D95-98AC-4844-9F4E-66FFD074C580}.Debug|Any CPU.ActiveCfg = Debug|Any CPU
		{91742D95-98AC-4844-9F4E-66FFD074C580}.Debug|Any CPU.Build.0 = Debug|Any CPU
		{91742D95-98AC-4844-9F4E-66FFD074C580}.Release|Any CPU.ActiveCfg = Release|Any CPU
		{91742D95-98AC-4844-9F4E-66FFD074C580}.Release|Any CPU.Build.0 = Release|Any CPU
	EndGlobalSection
	GlobalSection(SolutionProperties) = preSolution
		HideSolutionNode = FALSE
	EndGlobalSection
	GlobalSection(ExtensibilityGlobals) = postSolution
		SolutionGuid = {2DAF2F68-D24B-49E2-B2ED-2F9D1FA3089B}
	EndGlobalSection
EndGlobal
